Microsoft Visual Studio Solution File, Format Version 12.00
# Visual Studio Version 17
VisualStudioVersion = 17.5.2.0
MinimumVisualStudioVersion = 10.0.40219.1
Project("{FAE04EC0-301F-11D3-BF4B-00C04F79EFBC}") = "MTech.OrdenesApi", "MTech.OrdenesApi.csproj", "{EACF266C-F52C-BF22-7637-8108C312F44F}"
EndProject
Global
	GlobalSection(SolutionConfigurationPlatforms) = preSolution
		Debug|Any CPU = Debug|Any CPU
		Release|Any CPU = Release|Any CPU
	EndGlobalSection
	GlobalSection(ProjectConfigurationPlatforms) = postSolution
		{EACF266C-F52C-BF22-7637-8108C312F44F}.Debug|Any CPU.ActiveCfg = Debug|Any CPU
		{EACF266C-F52C-BF22-7637-8108C312F44F}.Debug|Any CPU.Build.0 = Debug|Any CPU
		{EACF266C-F52C-BF22-7637-8108C312F44F}.Release|Any CPU.ActiveCfg = Release|Any CPU
		{EACF266C-F52C-BF22-7637-8108C312F44F}.Release|Any CPU.Build.0 = Release|Any CPU
	EndGlobalSection
	GlobalSection(SolutionProperties) = preSolution
		HideSolutionNode = FALSE
	EndGlobalSection
	GlobalSection(ExtensibilityGlobals) = postSolution
		SolutionGuid = {3171BCEC-AC94-46B1-8BD9-7BCE03B6097C}
	EndGlobalSection
EndGlobal
